
Microsoft Visual Studio Solution File, Format Version 12.00
# Visual Studio Version 17
VisualStudioVersion = 17.14.36202.13
MinimumVisualStudioVersion = 10.0.40219.1
Project("{FAE04EC0-301F-11D3-BF4B-00C04F79EFBC}") = "microauthd", "microauthd\microauthd.csproj", "{9581FED0-D063-4DF2-8893-4FBDE37BFA82}"
EndProject
Project("{2150E333-8FDC-42A3-9474-1A3956D46DE8}") = "Solution Items", "Solution Items", "{8EC462FD-D22E-90A8-E5CE-7E832BA40C5D}"
	ProjectSection(SolutionItems) = preProject
		ACKNOWLEDGEMENTS.txt = ACKNOWLEDGEMENTS.txt
		global.json = global.json
		LICENSE.txt = LICENSE.txt
		README.md = README.md
	EndProjectSection
EndProject
Project("{FAE04EC0-301F-11D3-BF4B-00C04F79EFBC}") = "mad", "mad\mad.csproj", "{641C3B53-C294-42B1-96F0-4A2FFB5EB0E8}"
EndProject
Project("{FAE04EC0-301F-11D3-BF4B-00C04F79EFBC}") = "madTypes", "madTypes\madTypes.csproj", "{718CEA13-F9D4-4BC8-B922-92540797BF26}"
EndProject
Project("{FAE04EC0-301F-11D3-BF4B-00C04F79EFBC}") = "madClient", "madClient\madClient.csproj", "{974F9512-832C-4129-8543-A054C00973C4}"
EndProject
Project("{FAE04EC0-301F-11D3-BF4B-00C04F79EFBC}") = "madAuthClient", "madAuthClient\madAuthClient.csproj", "{F08826A2-6C44-406F-8AEA-F73F35382102}"
EndProject
Project("{FAE04EC0-301F-11D3-BF4B-00C04F79EFBC}") = "madRazorExample", "madRazorExample\madRazorExample.csproj", "{6C3536F1-21F1-4C20-A6BD-D1D498E12F48}"
EndProject
Project("{FAE04EC0-301F-11D3-BF4B-00C04F79EFBC}") = "madTests", "madTests\madTests.csproj", "{AC2EB332-1C58-4E74-923E-BB3BD3A8EA99}"
EndProject
Project("{FAE04EC0-301F-11D3-BF4B-00C04F79EFBC}") = "madOobe", "madOobe\madOobe.csproj", "{D0CAC8C7-F98C-4A0E-B5EB-CAED0286D62F}"
EndProject
Global
	GlobalSection(SolutionConfigurationPlatforms) = preSolution
		Debug|Any CPU = Debug|Any CPU
		Release|Any CPU = Release|Any CPU
	EndGlobalSection
	GlobalSection(ProjectConfigurationPlatforms) = postSolution
		{9581FED0-D063-4DF2-8893-4FBDE37BFA82}.Debug|Any CPU.ActiveCfg = Debug|Any CPU
		{9581FED0-D063-4DF2-8893-4FBDE37BFA82}.Debug|Any CPU.Build.0 = Debug|Any CPU
		{9581FED0-D063-4DF2-8893-4FBDE37BFA82}.Release|Any CPU.ActiveCfg = Release|Any CPU
		{9581FED0-D063-4DF2-8893-4FBDE37BFA82}.Release|Any CPU.Build.0 = Release|Any CPU
		{641C3B53-C294-42B1-96F0-4A2FFB5EB0E8}.Debug|Any CPU.ActiveCfg = Debug|Any CPU
		{641C3B53-C294-42B1-96F0-4A2FFB5EB0E8}.Debug|Any CPU.Build.0 = Debug|Any CPU
		{641C3B53-C294-42B1-96F0-4A2FFB5EB0E8}.Release|Any CPU.ActiveCfg = Release|Any CPU
		{641C3B53-C294-42B1-96F0-4A2FFB5EB0E8}.Release|Any CPU.Build.0 = Release|Any CPU
		{718CEA13-F9D4-4BC8-B922-92540797BF26}.Debug|Any CPU.ActiveCfg = Debug|Any CPU
		{718CEA13-F9D4-4BC8-B922-92540797BF26}.Debug|Any CPU.Build.0 = Debug|Any CPU
		{718CEA13-F9D4-4BC8-B922-92540797BF26}.Release|Any CPU.ActiveCfg = Release|Any CPU
		{718CEA13-F9D4-4BC8-B922-92540797BF26}.Release|Any CPU.Build.0 = Release|Any CPU
		{974F9512-832C-4129-8543-A054C00973C4}.Debug|Any CPU.ActiveCfg = Debug|Any CPU
		{974F9512-832C-4129-8543-A054C00973C4}.Debug|Any CPU.Build.0 = Debug|Any CPU
		{974F9512-832C-4129-8543-A054C00973C4}.Release|Any CPU.ActiveCfg = Release|Any CPU
		{974F9512-832C-4129-8543-A054C00973C4}.Release|Any CPU.Build.0 = Release|Any CPU
		{F08826A2-6C44-406F-8AEA-F73F35382102}.Debug|Any CPU.ActiveCfg = Debug|Any CPU
		{F08826A2-6C44-406F-8AEA-F73F35382102}.Debug|Any CPU.Build.0 = Debug|Any CPU
		{F08826A2-6C44-406F-8AEA-F73F35382102}.Release|Any CPU.ActiveCfg = Release|Any CPU
		{F08826A2-6C44-406F-8AEA-F73F35382102}.Release|Any CPU.Build.0 = Release|Any CPU
		{6C3536F1-21F1-4C20-A6BD-D1D498E12F48}.Debug|Any CPU.ActiveCfg = Debug|Any CPU
		{6C3536F1-21F1-4C20-A6BD-D1D498E12F48}.Debug|Any CPU.Build.0 = Debug|Any CPU
		{6C3536F1-21F1-4C20-A6BD-D1D498E12F48}.Release|Any CPU.ActiveCfg = Release|Any CPU
		{6C3536F1-21F1-4C20-A6BD-D1D498E12F48}.Release|Any CPU.Build.0 = Release|Any CPU
		{AC2EB332-1C58-4E74-923E-BB3BD3A8EA99}.Debug|Any CPU.ActiveCfg = Debug|Any CPU
		{AC2EB332-1C58-4E74-923E-BB3BD3A8EA99}.Debug|Any CPU.Build.0 = Debug|Any CPU
		{AC2EB332-1C58-4E74-923E-BB3BD3A8EA99}.Release|Any CPU.ActiveCfg = Release|Any CPU
		{AC2EB332-1C58-4E74-923E-BB3BD3A8EA99}.Release|Any CPU.Build.0 = Release|Any CPU
		{D0CAC8C7-F98C-4A0E-B5EB-CAED0286D62F}.Debug|Any CPU.ActiveCfg = Debug|Any CPU
		{D0CAC8C7-F98C-4A0E-B5EB-CAED0286D62F}.Debug|Any CPU.Build.0 = Debug|Any CPU
		{D0CAC8C7-F98C-4A0E-B5EB-CAED0286D62F}.Release|Any CPU.ActiveCfg = Release|Any CPU
		{D0CAC8C7-F98C-4A0E-B5EB-CAED0286D62F}.Release|Any CPU.Build.0 = Release|Any CPU
	EndGlobalSection
	GlobalSection(SolutionProperties) = preSolution
		HideSolutionNode = FALSE
	EndGlobalSection
	GlobalSection(ExtensibilityGlobals) = postSolution
		SolutionGuid = {B359B9EB-35F3-402F-A2F5-8E4BD224D671}
	EndGlobalSection
EndGlobal
